lockfileVersion: '9.0'

settings:
  autoInstallPeers: true
  excludeLinksFromLockfile: false

importers:

  .:
    dependencies:
      '@napi-rs/image':
        specifier: ^1.11.2
        version: 1.11.2
      svgo:
        specifier: ^3.3.2
        version: 3.3.2
    devDependencies:
      '@biomejs/biome':
        specifier: ^2.3.11
        version: 2.3.11
      '@playwright/test':
        specifier: ^1.57.0
        version: 1.57.0
      '@rsbuild/core':
        specifier: 1.6.10
        version: 1.6.10
      '@rslib/core':
        specifier: ^0.18.2
        version: 0.18.2(typescript@5.9.3)
      '@types/node':
        specifier: ^24.10.1
        version: 24.10.1
      nano-staged:
        specifier: ^0.9.0
        version: 0.9.0
      playwright:
        specifier: ^1.57.0
        version: 1.57.0
      simple-git-hooks:
        specifier: ^2.13.1
        version: 2.13.1
      typescript:
        specifier: ^5.9.3
        version: 5.9.3

packages:

  '@ast-grep/napi-darwin-arm64@0.37.0':
    resolution: {integrity: sha512-QAiIiaAbLvMEg/yBbyKn+p1gX2/FuaC0SMf7D7capm/oG4xGMzdeaQIcSosF4TCxxV+hIH4Bz9e4/u7w6Bnk3Q==}
    engines: {node: '>= 10'}
    cpu: [arm64]
    os: [darwin]

  '@ast-grep/napi-darwin-x64@0.37.0':
    resolution: {integrity: sha512-zvcvdgekd4ySV3zUbUp8HF5nk5zqwiMXTuVzTUdl/w08O7JjM6XPOIVT+d2o/MqwM9rsXdzdergY5oY2RdhSPA==}
    engines: {node: '>= 10'}
    cpu: [x64]
    os: [darwin]

  '@ast-grep/napi-linux-arm64-gnu@0.37.0':
    resolution: {integrity: sha512-L7Sj0lXy8X+BqSMgr1LB8cCoWk0rericdeu+dC8/c8zpsav5Oo2IQKY1PmiZ7H8IHoFBbURLf8iklY9wsD+cyA==}
    engines: {node: '>= 10'}
    cpu: [arm64]
    os: [linux]

  '@ast-grep/napi-linux-arm64-musl@0.37.0':
    resolution: {integrity: sha512-LF9sAvYy6es/OdyJDO3RwkX3I82Vkfsng1sqUBcoWC1jVb1wX5YVzHtpQox9JrEhGl+bNp7FYxB4Qba9OdA5GA==}
    engines: {node: '>= 10'}
    cpu: [arm64]
    os: [linux]

  '@ast-grep/napi-linux-x64-gnu@0.37.0':
    resolution: {integrity: sha512-TViz5/klqre6aSmJzswEIjApnGjJzstG/SE8VDWsrftMBMYt2PTu3MeluZVwzSqDao8doT/P+6U11dU05UOgxw==}
    engines: {node: '>= 10'}
    cpu: [x64]
    os: [linux]

  '@ast-grep/napi-linux-x64-musl@0.37.0':
    resolution: {integrity: sha512-/BcCH33S9E3ovOAEoxYngUNXgb+JLg991sdyiNP2bSoYd30a9RHrG7CYwW6fMgua3ijQ474eV6cq9yZO1bCpXg==}
    engines: {node: '>= 10'}
    cpu: [x64]
    os: [linux]

  '@ast-grep/napi-win32-arm64-msvc@0.37.0':
    resolution: {integrity: sha512-TjQA4cFoIEW2bgjLkaL9yqT4XWuuLa5MCNd0VCDhGRDMNQ9+rhwi9eLOWRaap3xzT7g+nlbcEHL3AkVCD2+b3A==}
    engines: {node: '>= 10'}
    cpu: [arm64]
    os: [win32]

  '@ast-grep/napi-win32-ia32-msvc@0.37.0':
    resolution: {integrity: sha512-uNmVka8fJCdYsyOlF9aZqQMLTatEYBynjChVTzUfFMDfmZ0bihs/YTqJVbkSm8TZM7CUX82apvn50z/dX5iWRA==}
    engines: {node: '>= 10'}
    cpu: [ia32]
    os: [win32]

  '@ast-grep/napi-win32-x64-msvc@0.37.0':
    resolution: {integrity: sha512-vCiFOT3hSCQuHHfZ933GAwnPzmL0G04JxQEsBRfqONywyT8bSdDc/ECpAfr3S9VcS4JZ9/F6tkePKW/Om2Dq2g==}
    engines: {node: '>= 10'}
    cpu: [x64]
    os: [win32]

  '@ast-grep/napi@0.37.0':
    resolution: {integrity: sha512-Hb4o6h1Pf6yRUAX07DR4JVY7dmQw+RVQMW5/m55GoiAT/VRoKCWBtIUPPOnqDVhbx1Cjfil9b6EDrgJsUAujEQ==}
    engines: {node: '>= 10'}

  '@biomejs/biome@2.3.11':
    resolution: {integrity: sha512-/zt+6qazBWguPG6+eWmiELqO+9jRsMZ/DBU3lfuU2ngtIQYzymocHhKiZRyrbra4aCOoyTg/BmY+6WH5mv9xmQ==}
    engines: {node: '>=14.21.3'}
    hasBin: true

  '@biomejs/cli-darwin-arm64@2.3.11':
    resolution: {integrity: sha512-/uXXkBcPKVQY7rc9Ys2CrlirBJYbpESEDme7RKiBD6MmqR2w3j0+ZZXRIL2xiaNPsIMMNhP1YnA+jRRxoOAFrA==}
    engines: {node: '>=14.21.3'}
    cpu: [arm64]
    os: [darwin]

  '@biomejs/cli-darwin-x64@2.3.11':
    resolution: {integrity: sha512-fh7nnvbweDPm2xEmFjfmq7zSUiox88plgdHF9OIW4i99WnXrAC3o2P3ag9judoUMv8FCSUnlwJCM1B64nO5Fbg==}
    engines: {node: '>=14.21.3'}
    cpu: [x64]
    os: [darwin]

  '@biomejs/cli-linux-arm64-musl@2.3.11':
    resolution: {integrity: sha512-XPSQ+XIPZMLaZ6zveQdwNjbX+QdROEd1zPgMwD47zvHV+tCGB88VH+aynyGxAHdzL+Tm/+DtKST5SECs4iwCLg==}
    engines: {node: '>=14.21.3'}
    cpu: [arm64]
    os: [linux]

  '@biomejs/cli-linux-arm64@2.3.11':
    resolution: {integrity: sha512-l4xkGa9E7Uc0/05qU2lMYfN1H+fzzkHgaJoy98wO+b/7Gl78srbCRRgwYSW+BTLixTBrM6Ede5NSBwt7rd/i6g==}
    engines: {node: '>=14.21.3'}
    cpu: [arm64]
    os: [linux]

  '@biomejs/cli-linux-x64-musl@2.3.11':
    resolution: {integrity: sha512-vU7a8wLs5C9yJ4CB8a44r12aXYb8yYgBn+WeyzbMjaCMklzCv1oXr8x+VEyWodgJt9bDmhiaW/I0RHbn7rsNmw==}
    engines: {node: '>=14.21.3'}
    cpu: [x64]
    os: [linux]

  '@biomejs/cli-linux-x64@2.3.11':
    resolution: {integrity: sha512-/1s9V/H3cSe0r0Mv/Z8JryF5x9ywRxywomqZVLHAoa/uN0eY7F8gEngWKNS5vbbN/BsfpCG5yeBT5ENh50Frxg==}
    engines: {node: '>=14.21.3'}
    cpu: [x64]
    os: [linux]

  '@biomejs/cli-win32-arm64@2.3.11':
    resolution: {integrity: sha512-PZQ6ElCOnkYapSsysiTy0+fYX+agXPlWugh6+eQ6uPKI3vKAqNp6TnMhoM3oY2NltSB89hz59o8xIfOdyhi9Iw==}
    engines: {node: '>=14.21.3'}
    cpu: [arm64]
    os: [win32]

  '@biomejs/cli-win32-x64@2.3.11':
    resolution: {integrity: sha512-43VrG813EW+b5+YbDbz31uUsheX+qFKCpXeY9kfdAx+ww3naKxeVkTD9zLIWxUPfJquANMHrmW3wbe/037G0Qg==}
    engines: {node: '>=14.21.3'}
    cpu: [x64]
    os: [win32]

  '@emnapi/core@1.5.0':
    resolution: {integrity: sha512-sbP8GzB1WDzacS8fgNPpHlp6C9VZe+SJP3F90W9rLemaQj2PzIuTEl1qDOYQf58YIpyjViI24y9aPWCjEzY2cg==}

  '@emnapi/runtime@1.5.0':
    resolution: {integrity: sha512-97/BJ3iXHww3djw6hYIfErCZFee7qCtrneuLa20UXFCOTCfBM2cvQHjWJ2EG0s0MtdNwInarqCTz35i4wWXHsQ==}

  '@emnapi/wasi-threads@1.1.0':
    resolution: {integrity: sha512-WI0DdZ8xFSbgMjR1sFsKABJ/C5OnRrjT06JXbZKexJGrDuPTzZdDYfFlsgcCXCyf+suG5QU2e/y1Wo2V/OapLQ==}

  '@module-federation/error-codes@0.21.4':
    resolution: {integrity: sha512-ClpL5MereWNXh+EgDjz7w4RrC1JlisQTvXDa1gLxpviHafzNDfdViVmuhi9xXVuj+EYo8KU70Y999KHhk9424Q==}

  '@module-federation/runtime-core@0.21.4':
    resolution: {integrity: sha512-SGpmoOLGNxZofpTOk6Lxb2ewaoz5wMi93AFYuuJB04HTVcngEK+baNeUZ2D/xewrqNIJoMY6f5maUjVfIIBPUA==}

  '@module-federation/runtime-tools@0.21.4':
    resolution: {integrity: sha512-RzFKaL0DIjSmkn76KZRfzfB6dD07cvID84950jlNQgdyoQFUGkqD80L6rIpVCJTY/R7LzR3aQjHnoqmq4JPo3w==}

  '@module-federation/runtime@0.21.4':
    resolution: {integrity: sha512-wgvGqryurVEvkicufJmTG0ZehynCeNLklv8kIk5BLIsWYSddZAE+xe4xov1kgH5fIJQAoQNkRauFFjVNlHoAkA==}

  '@module-federation/sdk@0.21.4':
    resolution: {integrity: sha512-tzvhOh/oAfX++6zCDDxuvioHY4Jurf8vcfoCbKFxusjmyKr32GPbwFDazUP+OPhYCc3dvaa9oWU6X/qpUBLfJw==}

  '@module-federation/webpack-bundler-runtime@0.21.4':
    resolution: {integrity: sha512-dusmR3uPnQh9u9ChQo3M+GLOuGFthfvnh7WitF/a1eoeTfRmXqnMFsXtZCUK+f/uXf+64874Zj/bhAgbBcVHZA==}

  '@napi-rs/image-android-arm64@1.11.2':
    resolution: {integrity: sha512-EUkTeYEayZn9IyzXcn8m5t0MCsiN08+SsPJBhWQR05pQiiuonBRAYuZWB3hJDVHKfKKXogzMRShcTAE70NXGzA==}
    engines: {node: '>= 10'}
    cpu: [arm64]
    os: [android]

  '@napi-rs/image-darwin-arm64@1.11.2':
    resolution: {integrity: sha512-RLnv2bbvkDwaROZHqUEozSto5nE3mhlIS9U2WGHJwepYUneq0gMumibtzp7YjEl6coEgqKnUDoATzRnUovkHqw==}
    engines: {node: '>= 10'}
    cpu: [arm64]
    os: [darwin]

  '@napi-rs/image-darwin-x64@1.11.2':
    resolution: {integrity: sha512-uptDhysXHSB3OTetz15CVeqf0LyeXpUnzqmVFhQimdzTEDkG7CyasUWNM29DOn2XTlZESdwAvg+2YUiQqt0wqA==}
    engines: {node: '>= 10'}
    cpu: [x64]
    os: [darwin]

  '@napi-rs/image-freebsd-x64@1.11.2':
    resolution: {integrity: sha512-W6Sk8MKjS95OVZ0TWurUttF0Kt/chRuZkFKF4iPAbwcW/tk92sIJlBi+7VNMvpjVr8xLTbPkzaPIs2jes19Tbg==}
    engines: {node: '>= 10'}
    cpu: [x64]
    os: [freebsd]

  '@napi-rs/image-linux-arm-gnueabihf@1.11.2':
    resolution: {integrity: sha512-Oj2l9DWig3d3wEmkX4j6Ecg3H2ElT+n5u5TZ47xm0vEZT0QBb4dcqhVvWx6RTn4rLLU4sxAlwEtb3SR2UmpZwQ==}
    engines: {node: '>= 10'}
    cpu: [arm]
    os: [linux]

  '@napi-rs/image-linux-arm64-gnu@1.11.2':
    resolution: {integrity: sha512-/ntkbFvrP4ERrGFJ32PupmYuZxhCoqfSN9y9Nao86kGdxCASjS2zecufDw2IjgUhD8CBigD1o9aoA74lKQbuOw==}
    engines: {node: '>= 10'}
    cpu: [arm64]
    os: [linux]

  '@napi-rs/image-linux-arm64-musl@1.11.2':
    resolution: {integrity: sha512-8N+PlYpTVMEAyaOHqpx3wtur34TxBvF0YI4i9Cv0zJttzlNgsUOZjFCxVOeH+QVzvz+XOqTb4BR1vYpethFqVQ==}
    engines: {node: '>= 10'}
    cpu: [arm64]
    os: [linux]

  '@napi-rs/image-linux-x64-gnu@1.11.2':
    resolution: {integrity: sha512-0F/nDFW2UcidE9qh6+M8Ew4a8GIraX2C71xuvYb+dIEAT4lFoqfNWatxKBOmnZFWpsrO/taRhWUBFXJlG7uOyw==}
    engines: {node: '>= 10'}
    cpu: [x64]
    os: [linux]

  '@napi-rs/image-linux-x64-musl@1.11.2':
    resolution: {integrity: sha512-AZEXCQUfmrZXiPQHfTgQE0xTsz4Ox4p15Q5IUM02sCZTvNLKflbE+WmJ2dEIh78q6V2QomUKDVTx7Q6pCZylIw==}
    engines: {node: '>= 10'}
    cpu: [x64]
    os: [linux]

  '@napi-rs/image-wasm32-wasi@1.11.2':
    resolution: {integrity: sha512-JM/ZFveVEGIBFyIberr1RTp7FHZHAbZFwCLZ7eNbUE5ujpufExkvICAB2uW4a02ZqTwdXTuI2CxmdrUhhN/XkQ==}
    engines: {node: '>=14.0.0'}
    cpu: [wasm32]

  '@napi-rs/image-win32-arm64-msvc@1.11.2':
    resolution: {integrity: sha512-JTWYu5m+a+Pi8nN3jI6c5NJV5gJvpSYoN0kBml2QMQWVktwcDQ2pC1yiTzmDSa+FnFsT57BcSm5S6yhj+42wjQ==}
    engines: {node: '>= 10'}
    cpu: [arm64]
    os: [win32]

  '@napi-rs/image-win32-ia32-msvc@1.11.2':
    resolution: {integrity: sha512-tjTiyeoGD+vk6nt2fagT00+SVV6uvkAsC6CK72up0YQcKTNYBbnpM6K/yUmSDtB708brjo+xtMJ5rwYEpsyeRQ==}
    engines: {node: '>= 10'}
    cpu: [ia32]
    os: [win32]

  '@napi-rs/image-win32-x64-msvc@1.11.2':
    resolution: {integrity: sha512-HhGEXPHyuf7EeWgSct1/0B4vy7KckALgI4HCwv2PHisvKcp/v/hcPTMHPCkfwtEe7uBDAugcEuEaMaKZnTP9jQ==}
    engines: {node: '>= 10'}
    cpu: [x64]
    os: [win32]

  '@napi-rs/image@1.11.2':
    resolution: {integrity: sha512-i5zlU1EgNBlgRjxMC1CgClZlHyGGnR1upLV64s8t5N+w9/lB7plHcb+rBJ5YmSP9Mho5RvLQpZ/ScaoJNNcnNg==}
    engines: {node: '>= 10'}

  '@napi-rs/wasm-runtime@1.0.5':
    resolution: {integrity: sha512-TBr9Cf9onSAS2LQ2+QHx6XcC6h9+RIzJgbqG3++9TUZSH204AwEy5jg3BTQ0VATsyoGj4ee49tN/y6rvaOOtcg==}

  '@napi-rs/wasm-runtime@1.0.7':
    resolution: {integrity: sha512-SeDnOO0Tk7Okiq6DbXmmBODgOAb9dp9gjlphokTUxmt8U3liIP1ZsozBahH69j/RJv+Rfs6IwUKHTgQYJ/HBAw==}

  '@playwright/test@1.57.0':
    resolution: {integrity: sha512-6TyEnHgd6SArQO8UO2OMTxshln3QMWBtPGrOCgs3wVEmQmwyuNtB10IZMfmYDE0riwNR1cu4q+pPcxMVtaG3TA==}
    engines: {node: '>=18'}
    hasBin: true

  '@rsbuild/core@1.6.10':
    resolution: {integrity: sha512-gAdI+H/xUsuEQikKlFUsxbr2f3uXfLU+3Z73wdcaQcNcvfmS3K+6vMyNYn6UFuCL5LPtXG9lwgc8cycToHgm5g==}
    engines: {node: '>=18.12.0'}
    hasBin: true

  '@rslib/core@0.18.2':
    resolution: {integrity: sha512-KIlBl8V675gzBcL17cCS5buN9wZSaS6JT7s9p1OZLOtBZTuCCu1q+5TfyTdnmFATEGgtrue4xhnX8HhAFKuMPw==}
    engines: {node: '>=18.12.0'}
    hasBin: true
    peerDependencies:
      '@microsoft/api-extractor': ^7
      typescript: ^5
    peerDependenciesMeta:
      '@microsoft/api-extractor':
        optional: true
      typescript:
        optional: true

  '@rspack/binding-darwin-arm64@1.6.5':
    resolution: {integrity: sha512-DaAJTlaenqZIqFqIYcitn0SzjJ7WpC9234JpiSDZdRyXii9qJJiToVwxSPY/CmkrP0201+aC4pzN4tI9T0Ummw==}
    cpu: [arm64]
    os: [darwin]

  '@rspack/binding-darwin-x64@1.6.5':
    resolution: {integrity: sha512-fPVfp7W/GMbHayb5hbefiMI30JxlsqPexOItHGtufHmTCrNne1aHmApspyUZIUUxG36oDRHuGPnfh+IQbHR6+g==}
    cpu: [x64]
    os: [darwin]

  '@rspack/binding-linux-arm64-gnu@1.6.5':
    resolution: {integrity: sha512-K68YDoV2e4s+nlrKZxgF0HehiiRwOAGgZFUwJNRMZ7MUrTGMNlPTJlM+bNdaCjDb6GFxBVFcNwIa1sU+0tF1zg==}
    cpu: [arm64]
    os: [linux]

  '@rspack/binding-linux-arm64-musl@1.6.5':
    resolution: {integrity: sha512-JPtxFBOq7RRmBIwpdGIStf8iyCILehDsjQtEB0Kkhtm7TsAkVGwtC41GLcNuPxcQBKqNDmD8cy3yLYhXadH2CQ==}
    cpu: [arm64]
    os: [linux]

  '@rspack/binding-linux-x64-gnu@1.6.5':
    resolution: {integrity: sha512-oh4ZNo2HtizZ/E6UK3BEONu20h8VVBw9GAXuWmo1u22cJSihzg+WfRNCMjRDil82LqSsyAgBwnU+dEjEYGKyAA==}
    cpu: [x64]
    os: [linux]

  '@rspack/binding-linux-x64-musl@1.6.5':
    resolution: {integrity: sha512-8Xebp5bvPJqjifpkFEAX5nUvoU2JvbMU3gwAkEovRRuvooCXnVT2tqkUBjkR3AhivAGgAxAr9hRzUUz/6QWt3Q==}
    cpu: [x64]
    os: [linux]

  '@rspack/binding-wasm32-wasi@1.6.5':
    resolution: {integrity: sha512-oINZNqzTxM+9dSUOjAORodHXYoJYzXvpaHI2U6ecEmoWaBCs+x3V3Po8DhpNFBwotB+jGlcoVhEHjpg5uaO6pw==}
    cpu: [wasm32]

  '@rspack/binding-win32-arm64-msvc@1.6.5':
    resolution: {integrity: sha512-UUmep2ayuZxWPdrzkrzAFxVgYUWTB82pa9bkAGyeDO9SNkz8vTpdtbDaTvAzjFb8Pn+ErktDEDBKT57FLjxwxQ==}
    cpu: [arm64]
    os: [win32]

  '@rspack/binding-win32-ia32-msvc@1.6.5':
    resolution: {integrity: sha512-7nx+mMimpmCMstcW7nsyToXy5TK7N+YGPu2W/oioX7qv9ZCuJGTddjzLS84wN8DVrNIirg4mcxpBsmOQMZeHQA==}
    cpu: [ia32]
    os: [win32]

  '@rspack/binding-win32-x64-msvc@1.6.5':
    resolution: {integrity: sha512-pzO7rYFu6f6stgSccolZHiXGTTwKrIGHHNV1ALY1xPRmQEdbHcbMwadeaG99JL2lRLve9iNI+Z9Pr3oDVRN46g==}
    cpu: [x64]
    os: [win32]

  '@rspack/binding@1.6.5':
    resolution: {integrity: sha512-FzYsr5vdjaVQIlDTxZFlISOQGxl/4grpF2BeiNy60Fpw9eeADeXk55DVacbXPqpiz7Doj6cyhEyMszQOvihrqQ==}

  '@rspack/core@1.6.5':
    resolution: {integrity: sha512-AqaOMA6MTNhqMYYwrhvPA+2uS662SkAi8Rb7B/IFOzh/Z5ooyczL4lUX+qyhAO3ymn50iwM4jikQCf9XfBiaQA==}
    engines: {node: '>=18.12.0'}
    peerDependencies:
      '@swc/helpers': '>=0.5.1'
    peerDependenciesMeta:
      '@swc/helpers':
        optional: true

  '@rspack/lite-tapable@1.1.0':
    resolution: {integrity: sha512-E2B0JhYFmVAwdDiG14+DW0Di4Ze4Jg10Pc4/lILUrd5DRCaklduz2OvJ5HYQ6G+hd+WTzqQb3QnDNfK4yvAFYw==}

  '@swc/helpers@0.5.17':
    resolution: {integrity: sha512-5IKx/Y13RsYd+sauPb2x+U/xZikHjolzfuDgTAl/Tdf3Q8rslRvC19NKDLgAJQ6wsqADk10ntlv08nPFw/gO/A==}

  '@trysound/sax@0.2.0':
    resolution: {integrity: sha512-L7z9BgrNEcYyUYtF+HaEfiS5ebkh9jXqbszz7pC0hRBPaatV0XjSD3+eHrpqFemQfgwiFF0QPIarnIihIDn7OA==}
    engines: {node: '>=10.13.0'}

  '@tybys/wasm-util@0.10.1':
    resolution: {integrity: sha512-9tTaPJLSiejZKx+Bmog4uSubteqTvFrVrURwkmHixBo0G4seD0zUxp98E1DzUBJxLQ3NPwXrGKDiVjwx/DpPsg==}

  '@types/node@24.10.1':
    resolution: {integrity: sha512-GNWcUTRBgIRJD5zj+Tq0fKOJ5XZajIiBroOF0yvj2bSU1WvNdYS/dn9UxwsujGW4JX06dnHyjV2y9rRaybH0iQ==}

  boolbase@1.0.0:
    resolution: {integrity: sha512-JZOSA7Mo9sNGB8+UjSgzdLtokWAky1zbztM3WRLCbZ70/3cTANmQmOdR7y2g+J0e2WXywy1yS468tY+IruqEww==}

  commander@7.2.0:
    resolution: {integrity: sha512-QrWXB+ZQSVPmIWIhtEO9H+gwHaMGYiF5ChvoJ+K9ZGHG/sVsa6yiesAD1GC/x46sET00Xlwo1u49RVVVzvcSkw==}
    engines: {node: '>= 10'}

  core-js@3.47.0:
    resolution: {integrity: sha512-c3Q2VVkGAUyupsjRnaNX6u8Dq2vAdzm9iuPj5FW0fRxzlxgq9Q39MDq10IvmQSpLgHQNyQzQmOo6bgGHmH3NNg==}

  css-select@5.1.0:
    resolution: {integrity: sha512-nwoRF1rvRRnnCqqY7updORDsuqKzqYJ28+oSMaJMMgOauh3fvwHqMS7EZpIPqK8GL+g9mKxF1vP/ZjSeNjEVHg==}

  css-tree@2.2.1:
    resolution: {integrity: sha512-OA0mILzGc1kCOCSJerOeqDxDQ4HOh+G8NbOJFOTgOCzpw7fCBubk0fEyxp8AgOL/jvLgYA/uV0cMbe43ElF1JA==}
    engines: {node: ^10 || ^12.20.0 || ^14.13.0 || >=15.0.0, npm: '>=7.0.0'}

  css-tree@2.3.1:
    resolution: {integrity: sha512-6Fv1DV/TYw//QF5IzQdqsNDjx/wc8TrMBZsqjL9eW01tWb7R7k/mq+/VXfJCl7SoD5emsJop9cOByJZfs8hYIw==}
    engines: {node: ^10 || ^12.20.0 || ^14.13.0 || >=15.0.0}

  css-what@6.1.0:
    resolution: {integrity: sha512-HTUrgRJ7r4dsZKU6GjmpfRK1O76h97Z8MfS1G0FozR+oF2kG6Vfe8JE6zwrkbxigziPHinCJ+gCPjA9EaBDtRw==}
    engines: {node: '>= 6'}

  csso@5.0.5:
    resolution: {integrity: sha512-0LrrStPOdJj+SPCCrGhzryycLjwcgUSHBtxNA8aIDxf0GLsRh1cKYhB00Gd1lDOS4yGH69+SNn13+TWbVHETFQ==}
    engines: {node: ^10 || ^12.20.0 || ^14.13.0 || >=15.0.0, npm: '>=7.0.0'}

  dom-serializer@2.0.0:
    resolution: {integrity: sha512-wIkAryiqt/nV5EQKqQpo3SToSOV9J0DnbJqwK7Wv/Trc92zIAYZ4FlMu+JPFW1DfGFt81ZTCGgDEabffXeLyJg==}

  domelementtype@2.3.0:
    resolution: {integrity: sha512-OLETBj6w0OsagBwdXnPdN0cnMfF9opN69co+7ZrbfPGrdpPVNBUj02spi6B1N7wChLQiPn4CSH/zJvXw56gmHw==}

  domhandler@5.0.3:
    resolution: {integrity: sha512-cgwlv/1iFQiFnU96XXgROh8xTeetsnJiDsTc7TYCLFd9+/WNkIqPTxiM/8pSd8VIrhXGTf1Ny1q1hquVqDJB5w==}
    engines: {node: '>= 4'}

  domutils@3.1.0:
    resolution: {integrity: sha512-H78uMmQtI2AhgDJjWeQmHwJJ2bLPD3GMmO7Zja/ZZh84wkm+4ut+IUnUdRa8uCGX88DiVx1j6FRe1XfxEgjEZA==}

  entities@4.5.0:
    resolution: {integrity: sha512-V0hjH4dGPh9Ao5p0MoRY6BVqtwCjhz6vI5LT8AJ55H+4g9/4vbHx1I54fS0XuclLhDHArPQCiMjDxjaL8fPxhw==}
    engines: {node: '>=0.12'}

  fsevents@2.3.2:
    resolution: {integrity: sha512-xiqMQR4xAeHTuB9uWm+fFRcIOgKBMiOBP+eXiyT7jsgVCq1bkVygt00oASowB7EdtpOHaaPgKt812P9ab+DDKA==}
    engines: {node: ^8.16.0 || ^10.6.0 || >=11.0.0}
    os: [darwin]

  jiti@2.6.1:
    resolution: {integrity: sha512-ekilCSN1jwRvIbgeg/57YFh8qQDNbwDb9xT/qu2DAHbFFZUicIl4ygVaAvzveMhMVr3LnpSKTNnwt8PoOfmKhQ==}
    hasBin: true

  mdn-data@2.0.28:
    resolution: {integrity: sha512-aylIc7Z9y4yzHYAJNuESG3hfhC+0Ibp/MAMiaOZgNv4pmEdFyfZhhhny4MNiAfWdBQ1RQ2mfDWmM1x8SvGyp8g==}

  mdn-data@2.0.30:
    resolution: {integrity: sha512-GaqWWShW4kv/G9IEucWScBx9G1/vsFZZJUO+tD26M8J8z3Kw5RDQjaoZe03YAClgeS/SWPOcb4nkFBTEi5DUEA==}

  nano-staged@0.9.0:
    resolution: {integrity: sha512-0JfyX4i0Vp5HhC9RDtJ1kp7psz8CFuS3Gya3Z6WZv//QCwA9dPzi1S803VdR0c0P6R7sSvweZ5mSJmYQ/N+loQ==}
    engines: {node: ^12.20.0 || ^14.13.1 || >=16.0.0}
    hasBin: true

  nth-check@2.1.1:
    resolution: {integrity: sha512-lqjrjmaOoAnWfMmBPL+XNnynZh2+swxiX3WUE0s4yEHI6m+AwrK2UZOimIRl3X/4QctVqS8AiZjFqyOGrMXb/w==}

  picocolors@1.0.0:
    resolution: {integrity: sha512-1fygroTLlHu66zi26VoTDv8yRgm0Fccecssto+MhsZ0D/DGW2sm8E8AjW7NU5VVTRt5GxbeZ5qBuJr+HyLYkjQ==}

  playwright-core@1.57.0:
    resolution: {integrity: sha512-agTcKlMw/mjBWOnD6kFZttAAGHgi/Nw0CZ2o6JqWSbMlI219lAFLZZCyqByTsvVAJq5XA5H8cA6PrvBRpBWEuQ==}
    engines: {node: '>=18'}
    hasBin: true

  playwright@1.57.0:
    resolution: {integrity: sha512-ilYQj1s8sr2ppEJ2YVadYBN0Mb3mdo9J0wQ+UuDhzYqURwSoW4n1Xs5vs7ORwgDGmyEh33tRMeS8KhdkMoLXQw==}
    engines: {node: '>=18'}
    hasBin: true

  rsbuild-plugin-dts@0.18.2:
    resolution: {integrity: sha512-gUZ6MXjp7PQtBWlyCkcNp34scgc7qSQRc6Rw4YHVeuBnLvVAXsToYJHn32ImYPBJzRGFA9dz5D1r7ZZKurD7Vg==}
    engines: {node: '>=18.12.0'}
    peerDependencies:
      '@microsoft/api-extractor': ^7
      '@rsbuild/core': 1.x
      '@typescript/native-preview': 7.x
      typescript: ^5
    peerDependenciesMeta:
      '@microsoft/api-extractor':
        optional: true
      '@typescript/native-preview':
        optional: true
      typescript:
        optional: true

  simple-git-hooks@2.13.1:
    resolution: {integrity: sha512-WszCLXwT4h2k1ufIXAgsbiTOazqqevFCIncOuUBZJ91DdvWcC5+OFkluWRQPrcuSYd8fjq+o2y1QfWqYMoAToQ==}
    hasBin: true

  source-map-js@1.2.0:
    resolution: {integrity: sha512-itJW8lvSA0TXEphiRoawsCksnlf8SyvmFzIhltqAHluXd88pkCd+cXJVHTDwdCr0IzwptSm035IHQktUu1QUMg==}
    engines: {node: '>=0.10.0'}

  svgo@3.3.2:
    resolution: {integrity: sha512-OoohrmuUlBs8B8o6MB2Aevn+pRIH9zDALSR+6hhqVfa6fRwG/Qw9VUMSMW9VNg2CFc/MTIfabtdOVl9ODIJjpw==}
    engines: {node: '>=14.0.0'}
    hasBin: true

  tslib@2.8.1:
    resolution: {integrity: sha512-oJFu94HQb+KVduSUQL7wnpmqnfmLsOA/nAh6b6EH0wCEoK0/mPeXU6c3wKDV83MkOuHPRHtSXKKU99IBazS/2w==}

  typescript@5.9.3:
    resolution: {integrity: sha512-jl1vZzPDinLr9eUt3J/t7V6FgNEw9QjvBPdysz9KfQDD41fQrC2Y4vKQdiaUpFT4bXlb1RHhLpp8wtm6M5TgSw==}
    engines: {node: '>=14.17'}
    hasBin: true

  undici-types@7.16.0:
    resolution: {integrity: sha512-Zz+aZWSj8LE6zoxD+xrjh4VfkIG8Ya6LvYkZqtUQGJPZjYl53ypCaUwWqo7eI0x66KBGeRo+mlBEkMSeSZ38Nw==}

snapshots:

  '@ast-grep/napi-darwin-arm64@0.37.0':
    optional: true

  '@ast-grep/napi-darwin-x64@0.37.0':
    optional: true

  '@ast-grep/napi-linux-arm64-gnu@0.37.0':
    optional: true

  '@ast-grep/napi-linux-arm64-musl@0.37.0':
    optional: true

  '@ast-grep/napi-linux-x64-gnu@0.37.0':
    optional: true

  '@ast-grep/napi-linux-x64-musl@0.37.0':
    optional: true

  '@ast-grep/napi-win32-arm64-msvc@0.37.0':
    optional: true

  '@ast-grep/napi-win32-ia32-msvc@0.37.0':
    optional: true

  '@ast-grep/napi-win32-x64-msvc@0.37.0':
    optional: true

  '@ast-grep/napi@0.37.0':
    optionalDependencies:
      '@ast-grep/napi-darwin-arm64': 0.37.0
      '@ast-grep/napi-darwin-x64': 0.37.0
      '@ast-grep/napi-linux-arm64-gnu': 0.37.0
      '@ast-grep/napi-linux-arm64-musl': 0.37.0
      '@ast-grep/napi-linux-x64-gnu': 0.37.0
      '@ast-grep/napi-linux-x64-musl': 0.37.0
      '@ast-grep/napi-win32-arm64-msvc': 0.37.0
      '@ast-grep/napi-win32-ia32-msvc': 0.37.0
      '@ast-grep/napi-win32-x64-msvc': 0.37.0

  '@biomejs/biome@2.3.11':
    optionalDependencies:
      '@biomejs/cli-darwin-arm64': 2.3.11
      '@biomejs/cli-darwin-x64': 2.3.11
      '@biomejs/cli-linux-arm64': 2.3.11
      '@biomejs/cli-linux-arm64-musl': 2.3.11
      '@biomejs/cli-linux-x64': 2.3.11
      '@biomejs/cli-linux-x64-musl': 2.3.11
      '@biomejs/cli-win32-arm64': 2.3.11
      '@biomejs/cli-win32-x64': 2.3.11

  '@biomejs/cli-darwin-arm64@2.3.11':
    optional: true

  '@biomejs/cli-darwin-x64@2.3.11':
    optional: true

  '@biomejs/cli-linux-arm64-musl@2.3.11':
    optional: true

  '@biomejs/cli-linux-arm64@2.3.11':
    optional: true

  '@biomejs/cli-linux-x64-musl@2.3.11':
    optional: true

  '@biomejs/cli-linux-x64@2.3.11':
    optional: true

  '@biomejs/cli-win32-arm64@2.3.11':
    optional: true

  '@biomejs/cli-win32-x64@2.3.11':
    optional: true

  '@emnapi/core@1.5.0':
    dependencies:
      '@emnapi/wasi-threads': 1.1.0
      tslib: 2.8.1
    optional: true

  '@emnapi/runtime@1.5.0':
    dependencies:
      tslib: 2.8.1
    optional: true

  '@emnapi/wasi-threads@1.1.0':
    dependencies:
      tslib: 2.8.1
    optional: true

  '@module-federation/error-codes@0.21.4': {}

  '@module-federation/runtime-core@0.21.4':
    dependencies:
      '@module-federation/error-codes': 0.21.4
      '@module-federation/sdk': 0.21.4

  '@module-federation/runtime-tools@0.21.4':
    dependencies:
      '@module-federation/runtime': 0.21.4
      '@module-federation/webpack-bundler-runtime': 0.21.4

  '@module-federation/runtime@0.21.4':
    dependencies:
      '@module-federation/error-codes': 0.21.4
      '@module-federation/runtime-core': 0.21.4
      '@module-federation/sdk': 0.21.4

  '@module-federation/sdk@0.21.4': {}

  '@module-federation/webpack-bundler-runtime@0.21.4':
    dependencies:
      '@module-federation/runtime': 0.21.4
      '@module-federation/sdk': 0.21.4

  '@napi-rs/image-android-arm64@1.11.2':
    optional: true

  '@napi-rs/image-darwin-arm64@1.11.2':
    optional: true

  '@napi-rs/image-darwin-x64@1.11.2':
    optional: true

  '@napi-rs/image-freebsd-x64@1.11.2':
    optional: true

  '@napi-rs/image-linux-arm-gnueabihf@1.11.2':
    optional: true

  '@napi-rs/image-linux-arm64-gnu@1.11.2':
    optional: true

  '@napi-rs/image-linux-arm64-musl@1.11.2':
    optional: true

  '@napi-rs/image-linux-x64-gnu@1.11.2':
    optional: true

  '@napi-rs/image-linux-x64-musl@1.11.2':
    optional: true

  '@napi-rs/image-wasm32-wasi@1.11.2':
    dependencies:
      '@napi-rs/wasm-runtime': 1.0.5
    optional: true

  '@napi-rs/image-win32-arm64-msvc@1.11.2':
    optional: true

  '@napi-rs/image-win32-ia32-msvc@1.11.2':
    optional: true

  '@napi-rs/image-win32-x64-msvc@1.11.2':
    optional: true

  '@napi-rs/image@1.11.2':
    optionalDependencies:
      '@napi-rs/image-android-arm64': 1.11.2
      '@napi-rs/image-darwin-arm64': 1.11.2
      '@napi-rs/image-darwin-x64': 1.11.2
      '@napi-rs/image-freebsd-x64': 1.11.2
      '@napi-rs/image-linux-arm-gnueabihf': 1.11.2
      '@napi-rs/image-linux-arm64-gnu': 1.11.2
      '@napi-rs/image-linux-arm64-musl': 1.11.2
      '@napi-rs/image-linux-x64-gnu': 1.11.2
      '@napi-rs/image-linux-x64-musl': 1.11.2
      '@napi-rs/image-wasm32-wasi': 1.11.2
      '@napi-rs/image-win32-arm64-msvc': 1.11.2
      '@napi-rs/image-win32-ia32-msvc': 1.11.2
      '@napi-rs/image-win32-x64-msvc': 1.11.2

  '@napi-rs/wasm-runtime@1.0.5':
    dependencies:
      '@emnapi/core': 1.5.0
      '@emnapi/runtime': 1.5.0
      '@tybys/wasm-util': 0.10.1
    optional: true

  '@napi-rs/wasm-runtime@1.0.7':
    dependencies:
      '@emnapi/core': 1.5.0
      '@emnapi/runtime': 1.5.0
      '@tybys/wasm-util': 0.10.1
    optional: true

  '@playwright/test@1.57.0':
    dependencies:
      playwright: 1.57.0

  '@rsbuild/core@1.6.10':
    dependencies:
      '@rspack/core': 1.6.5(@swc/helpers@0.5.17)
      '@rspack/lite-tapable': 1.1.0
      '@swc/helpers': 0.5.17
      core-js: 3.47.0
      jiti: 2.6.1

  '@rslib/core@0.18.2(typescript@5.9.3)':
    dependencies:
      '@rsbuild/core': 1.6.10
      rsbuild-plugin-dts: 0.18.2(@rsbuild/core@1.6.10)(typescript@5.9.3)
    optionalDependencies:
      typescript: 5.9.3
    transitivePeerDependencies:
      - '@typescript/native-preview'

  '@rspack/binding-darwin-arm64@1.6.5':
    optional: true

  '@rspack/binding-darwin-x64@1.6.5':
    optional: true

  '@rspack/binding-linux-arm64-gnu@1.6.5':
    optional: true

  '@rspack/binding-linux-arm64-musl@1.6.5':
    optional: true

  '@rspack/binding-linux-x64-gnu@1.6.5':
    optional: true

  '@rspack/binding-linux-x64-musl@1.6.5':
    optional: true

  '@rspack/binding-wasm32-wasi@1.6.5':
    dependencies:
      '@napi-rs/wasm-runtime': 1.0.7
    optional: true

  '@rspack/binding-win32-arm64-msvc@1.6.5':
    optional: true

  '@rspack/binding-win32-ia32-msvc@1.6.5':
    optional: true

  '@rspack/binding-win32-x64-msvc@1.6.5':
    optional: true

  '@rspack/binding@1.6.5':
    optionalDependencies:
      '@rspack/binding-darwin-arm64': 1.6.5
      '@rspack/binding-darwin-x64': 1.6.5
      '@rspack/binding-linux-arm64-gnu': 1.6.5
      '@rspack/binding-linux-arm64-musl': 1.6.5
      '@rspack/binding-linux-x64-gnu': 1.6.5
      '@rspack/binding-linux-x64-musl': 1.6.5
      '@rspack/binding-wasm32-wasi': 1.6.5
      '@rspack/binding-win32-arm64-msvc': 1.6.5
      '@rspack/binding-win32-ia32-msvc': 1.6.5
      '@rspack/binding-win32-x64-msvc': 1.6.5

  '@rspack/core@1.6.5(@swc/helpers@0.5.17)':
    dependencies:
      '@module-federation/runtime-tools': 0.21.4
      '@rspack/binding': 1.6.5
      '@rspack/lite-tapable': 1.1.0
    optionalDependencies:
      '@swc/helpers': 0.5.17

  '@rspack/lite-tapable@1.1.0': {}

  '@swc/helpers@0.5.17':
    dependencies:
      tslib: 2.8.1

  '@trysound/sax@0.2.0': {}

  '@tybys/wasm-util@0.10.1':
    dependencies:
      tslib: 2.8.1
    optional: true

  '@types/node@24.10.1':
    dependencies:
      undici-types: 7.16.0

  boolbase@1.0.0: {}

  commander@7.2.0: {}

  core-js@3.47.0: {}

  css-select@5.1.0:
    dependencies:
      boolbase: 1.0.0
      css-what: 6.1.0
      domhandler: 5.0.3
      domutils: 3.1.0
      nth-check: 2.1.1

  css-tree@2.2.1:
    dependencies:
      mdn-data: 2.0.28
      source-map-js: 1.2.0

  css-tree@2.3.1:
    dependencies:
      mdn-data: 2.0.30
      source-map-js: 1.2.0

  css-what@6.1.0: {}

  csso@5.0.5:
    dependencies:
      css-tree: 2.2.1

  dom-serializer@2.0.0:
    dependencies:
      domelementtype: 2.3.0
      domhandler: 5.0.3
      entities: 4.5.0

  domelementtype@2.3.0: {}

  domhandler@5.0.3:
    dependencies:
      domelementtype: 2.3.0

  domutils@3.1.0:
    dependencies:
      dom-serializer: 2.0.0
      domelementtype: 2.3.0
      domhandler: 5.0.3

  entities@4.5.0: {}

  fsevents@2.3.2:
    optional: true

  jiti@2.6.1: {}

  mdn-data@2.0.28: {}

  mdn-data@2.0.30: {}

  nano-staged@0.9.0:
    dependencies:
      picocolors: 1.0.0

  nth-check@2.1.1:
    dependencies:
      boolbase: 1.0.0

  picocolors@1.0.0: {}

  playwright-core@1.57.0: {}

  playwright@1.57.0:
    dependencies:
      playwright-core: 1.57.0
    optionalDependencies:
      fsevents: 2.3.2

  rsbuild-plugin-dts@0.18.2(@rsbuild/core@1.6.10)(typescript@5.9.3):
    dependencies:
      '@ast-grep/napi': 0.37.0
      '@rsbuild/core': 1.6.10
    optionalDependencies:
      typescript: 5.9.3

  simple-git-hooks@2.13.1: {}

  source-map-js@1.2.0: {}

  svgo@3.3.2:
    dependencies:
      '@trysound/sax': 0.2.0
      commander: 7.2.0
      css-select: 5.1.0
      css-tree: 2.3.1
      css-what: 6.1.0
      csso: 5.0.5
      picocolors: 1.0.0

  tslib@2.8.1: {}

  typescript@5.9.3: {}

  undici-types@7.16.0: {}
